
Microsoft Visual Studio Solution File, Format Version 12.00
# Visual Studio Version 16
VisualStudioVersion = 16.0.31702.278
MinimumVisualStudioVersion = 10.0.40219.1
Project("{8BC9CEB8-8B4A-11D0-8D11-00A0C91BC942}") = "ProcessManagement", "ProcessManagement\ProcessManagement.vcxproj", "{F623D998-29EB-489A-8B65-EFB673E50E7B}"
EndProject
Project("{2150E333-8FDC-42A3-9474-1A3956D46DE8}") = "Solution Items", "Solution Items", "{E2BDD89C-A881-4BE2-ABE1-7F137D46FDD0}"
	ProjectSection(SolutionItems) = preProject
		.gitignore = .gitignore
	EndProjectSection
EndProject
Project("{8BC9CEB8-8B4A-11D0-8D11-00A0C91BC942}") = "GPS", "GPS\GPS.vcxproj", "{64D9B538-6D17-44CF-B514-A7AFEA0B41A9}"
EndProject
Project("{8BC9CEB8-8B4A-11D0-8D11-00A0C91BC942}") = "Camera", "Camera\Camera.vcxproj", "{8072406C-F31D-4E4A-8A7A-F714D4F6E442}"
EndProject
Project("{8BC9CEB8-8B4A-11D0-8D11-00A0C91BC942}") = "Display", "Display\Display.vcxproj", "{FEB4805E-1033-4F11-B469-319EDAFD912D}"
EndProject
Project("{8BC9CEB8-8B4A-11D0-8D11-00A0C91BC942}") = "VehicleControl", "VehicleControl\VehicleControl.vcxproj", "{1BCF62E4-A95D-4C92-8E90-DE58BA13915F}"
EndProject
Project("{8BC9CEB8-8B4A-11D0-8D11-00A0C91BC942}") = "Laser", "Laser\Laser.vcxproj", "{10775F90-A8F8-4284-ADB6-086D50B75625}"
EndProject
Global
	GlobalSection(SolutionConfigurationPlatforms) = preSolution
		Debug|x64 = Debug|x64
		Debug|x86 = Debug|x86
		Release|x64 = Release|x64
		Release|x86 = Release|x86
	EndGlobalSection
	GlobalSection(ProjectConfigurationPlatforms) = postSolution
		{F623D998-29EB-489A-8B65-EFB673E50E7B}.Debug|x64.ActiveCfg = Debug|x64
		{F623D998-29EB-489A-8B65-EFB673E50E7B}.Debug|x64.Build.0 = Debug|x64
		{F623D998-29EB-489A-8B65-EFB673E50E7B}.Debug|x86.ActiveCfg = Debug|Win32
		{F623D998-29EB-489A-8B65-EFB673E50E7B}.Debug|x86.Build.0 = Debug|Win32
		{F623D998-29EB-489A-8B65-EFB673E50E7B}.Release|x64.ActiveCfg = Release|x64
		{F623D998-29EB-489A-8B65-EFB673E50E7B}.Release|x64.Build.0 = Release|x64
		{F623D998-29EB-489A-8B65-EFB673E50E7B}.Release|x86.ActiveCfg = Release|Win32
		{F623D998-29EB-489A-8B65-EFB673E50E7B}.Release|x86.Build.0 = Release|Win32
		{64D9B538-6D17-44CF-B514-A7AFEA0B41A9}.Debug|x64.ActiveCfg = Debug|x64
		{64D9B538-6D17-44CF-B514-A7AFEA0B41A9}.Debug|x64.Build.0 = Debug|x64
		{64D9B538-6D17-44CF-B514-A7AFEA0B41A9}.Debug|x86.ActiveCfg = Debug|Win32
		{64D9B538-6D17-44CF-B514-A7AFEA0B41A9}.Debug|x86.Build.0 = Debug|Win32
		{64D9B538-6D17-44CF-B514-A7AFEA0B41A9}.Release|x64.ActiveCfg = Release|x64
		{64D9B538-6D17-44CF-B514-A7AFEA0B41A9}.Release|x64.Build.0 = Release|x64
		{64D9B538-6D17-44CF-B514-A7AFEA0B41A9}.Release|x86.ActiveCfg = Release|Win32
		{64D9B538-6D17-44CF-B514-A7AFEA0B41A9}.Release|x86.Build.0 = Release|Win32
		{8072406C-F31D-4E4A-8A7A-F714D4F6E442}.Debug|x64.ActiveCfg = Debug|x64
		{8072406C-F31D-4E4A-8A7A-F714D4F6E442}.Debug|x64.Build.0 = Debug|x64
		{8072406C-F31D-4E4A-8A7A-F714D4F6E442}.Debug|x86.ActiveCfg = Release|Win32
		{8072406C-F31D-4E4A-8A7A-F714D4F6E442}.Debug|x86.Build.0 = Release|Win32
		{8072406C-F31D-4E4A-8A7A-F714D4F6E442}.Release|x64.ActiveCfg = Release|Win32
		{8072406C-F31D-4E4A-8A7A-F714D4F6E442}.Release|x64.Build.0 = Release|Win32
		{8072406C-F31D-4E4A-8A7A-F714D4F6E442}.Release|x86.ActiveCfg = Release|Win32
		{8072406C-F31D-4E4A-8A7A-F714D4F6E442}.Release|x86.Build.0 = Release|Win32
		{FEB4805E-1033-4F11-B469-319EDAFD912D}.Debug|x64.ActiveCfg = Debug|x64
		{FEB4805E-1033-4F11-B469-319EDAFD912D}.Debug|x64.Build.0 = Debug|x64
		{FEB4805E-1033-4F11-B469-319EDAFD912D}.Debug|x86.ActiveCfg = Debug|Win32
		{FEB4805E-1033-4F11-B469-319EDAFD912D}.Debug|x86.Build.0 = Debug|Win32
		{FEB4805E-1033-4F11-B469-319EDAFD912D}.Release|x64.ActiveCfg = Release|Win32
		{FEB4805E-1033-4F11-B469-319EDAFD912D}.Release|x64.Build.0 = Release|Win32
		{FEB4805E-1033-4F11-B469-319EDAFD912D}.Release|x86.ActiveCfg = Release|Win32
		{FEB4805E-1033-4F11-B469-319EDAFD912D}.Release|x86.Build.0 = Release|Win32
		{1BCF62E4-A95D-4C92-8E90-DE58BA13915F}.Debug|x64.ActiveCfg = Debug|x64
		{1BCF62E4-A95D-4C92-8E90-DE58BA13915F}.Debug|x64.Build.0 = Debug|x64
		{1BCF62E4-A95D-4C92-8E90-DE58BA13915F}.Debug|x86.ActiveCfg = Debug|Win32
		{1BCF62E4-A95D-4C92-8E90-DE58BA13915F}.Debug|x86.Build.0 = Debug|Win32
		{1BCF62E4-A95D-4C92-8E90-DE58BA13915F}.Release|x64.ActiveCfg = Release|x64
		{1BCF62E4-A95D-4C92-8E90-DE58BA13915F}.Release|x64.Build.0 = Release|x64
		{1BCF62E4-A95D-4C92-8E90-DE58BA13915F}.Release|x86.ActiveCfg = Release|Win32
		{1BCF62E4-A95D-4C92-8E90-DE58BA13915F}.Release|x86.Build.0 = Release|Win32
		{10775F90-A8F8-4284-ADB6-086D50B75625}.Debug|x64.ActiveCfg = Debug|x64
		{10775F90-A8F8-4284-ADB6-086D50B75625}.Debug|x64.Build.0 = Debug|x64
		{10775F90-A8F8-4284-ADB6-086D50B75625}.Debug|x86.ActiveCfg = Debug|Win32
		{10775F90-A8F8-4284-ADB6-086D50B75625}.Debug|x86.Build.0 = Debug|Win32
		{10775F90-A8F8-4284-ADB6-086D50B75625}.Release|x64.ActiveCfg = Release|x64
		{10775F90-A8F8-4284-ADB6-086D50B75625}.Release|x64.Build.0 = Release|x64
		{10775F90-A8F8-4284-ADB6-086D50B75625}.Release|x86.ActiveCfg = Release|Win32
		{10775F90-A8F8-4284-ADB6-086D50B75625}.Release|x86.Build.0 = Release|Win32
	EndGlobalSection
	GlobalSection(SolutionProperties) = preSolution
		HideSolutionNode = FALSE
	EndGlobalSection
	GlobalSection(ExtensibilityGlobals) = postSolution
		SolutionGuid = {096ABAB9-CFDF-428B-845B-7558FE279E82}
	EndGlobalSection
EndGlobal
